
Microsoft Visual Studio Solution File, Format Version 12.00
# Visual Studio 15
VisualStudioVersion = 15.0.28307.572
MinimumVisualStudioVersion = 10.0.40219.1
Project("{E24C65DC-7377-472B-9ABA-BC803B73C61A}") = "Editor", "http://localhost/Editor", "{BF076B81-DDC4-4052-B515-3829527B874B}"
	ProjectSection(WebsiteProperties) = preProject
		UseIISExpress = "false"
		TargetFrameworkMoniker = ".NETFramework,Version%3Dv4.0"
		Debug.AspNetCompiler.VirtualPath = "/Editor"
		Debug.AspNetCompiler.PhysicalPath = "..\material-dashboard-pro\"
		Debug.AspNetCompiler.TargetPath = "PrecompiledWeb\Editor\"
		Debug.AspNetCompiler.Updateable = "true"
		Debug.AspNetCompiler.ForceOverwrite = "true"
		Debug.AspNetCompiler.FixedNames = "false"
		Debug.AspNetCompiler.Debug = "True"
		Release.AspNetCompiler.VirtualPath = "/Editor"
		Release.AspNetCompiler.PhysicalPath = "..\material-dashboard-pro\"
		Release.AspNetCompiler.TargetPath = "PrecompiledWeb\Editor\"
		Release.AspNetCompiler.Updateable = "true"
		Release.AspNetCompiler.ForceOverwrite = "true"
		Release.AspNetCompiler.FixedNames = "false"
		Release.AspNetCompiler.Debug = "False"
		SlnRelativePath = "..\material-dashboard-pro\"
	EndProjectSection
EndProject
Global
	GlobalSection(SolutionConfigurationPlatforms) = preSolution
		Debug|Any CPU = Debug|Any CPU
	EndGlobalSection
	GlobalSection(ProjectConfigurationPlatforms) = postSolution
		{BF076B81-DDC4-4052-B515-3829527B874B}.Debug|Any CPU.ActiveCfg = Debug|Any CPU
		{BF076B81-DDC4-4052-B515-3829527B874B}.Debug|Any CPU.Build.0 = Debug|Any CPU
	EndGlobalSection
	GlobalSection(SolutionProperties) = preSolution
		HideSolutionNode = FALSE
	EndGlobalSection
	GlobalSection(ExtensibilityGlobals) = postSolution
		SolutionGuid = {231E6E51-0320-40CC-A6DE-8D3A790414F6}
	EndGlobalSection
EndGlobal
